// !$*UTF8*$!
{
	archiveVersion = 1;
	classes = {
	};
	objectVersion = 55;
	objects = {

/* Begin PBXBuildFile section */
		E906AB14284A20F100E1403D /* AppDelegate.swift in Sources */ = {isa = PBXBuildFile; fileRef = E906AB13284A20F100E1403D /* AppDelegate.swift */; };
		E906AB16284A20F100E1403D /* SceneDelegate.swift in Sources */ = {isa = PBXBuildFile; fileRef = E906AB15284A20F100E1403D /* SceneDelegate.swift */; };
		E906AB18284A20F100E1403D /* ViewController.swift in Sources */ = {isa = PBXBuildFile; fileRef = E906AB17284A20F100E1403D /* ViewController.swift */; };
		E906AB1B284A20F100E1403D /* Main.storyboard in Resources */ = {isa = PBXBuildFile; fileRef = E906AB19284A20F100E1403D /* Main.storyboard */; };
		E906AB1D284A20F300E1403D /* Assets.xcassets in Resources */ = {isa = PBXBuildFile; fileRef = E906AB1C284A20F300E1403D /* Assets.xcassets */; };
		E906AB20284A20F300E1403D /* LaunchScreen.storyboard in Resources */ = {isa = PBXBuildFile; fileRef = E906AB1E284A20F300E1403D /* LaunchScreen.storyboard */; };
		E906AB2B284A20F300E1403D /* Practice_SwitchTests.swift in Sources */ = {isa = PBXBuildFile; fileRef = E906AB2A284A20F300E1403D /* Practice_SwitchTests.swift */; };
		E906AB35284A20F300E1403D /* Practice_SwitchUITests.swift in Sources */ = {isa = PBXBuildFile; fileRef = E906AB34284A20F300E1403D /* Practice_SwitchUITests.swift */; };
		E906AB37284A20F300E1403D /* Practice_SwitchUITestsLaunchTests.swift in Sources */ = {isa = PBXBuildFile; fileRef = E906AB36284A20F300E1403D /* Practice_SwitchUITestsLaunchTests.swift */; };
		E906AB44284A217300E1403D /* secondViewController.swift in Sources */ = {isa = PBXBuildFile; fileRef = E906AB43284A217300E1403D /* secondViewController.swift */; };
/* End PBXBuildFile section */

/* Begin PBXContainerItemProxy section */
		E906AB27284A20F300E1403D /* PBXContainerItemProxy */ = {
			isa = PBXContainerItemProxy;
			containerPortal = E906AB08284A20F100E1403D /* Project object */;
			proxyType = 1;
			remoteGlobalIDString = E906AB0F284A20F100E1403D;
			remoteInfo = "Practice Switch";
		};
		E906AB31284A20F300E1403D /* PBXContainerItemProxy */ = {
			isa = PBXContainerItemProxy;
			containerPortal = E906AB08284A20F100E1403D /* Project object */;
			proxyType = 1;
			remoteGlobalIDString = E906AB0F284A20F100E1403D;
			remoteInfo = "Practice Switch";
		};
/* End PBXContainerItemProxy section */

/* Begin PBXFileReference section */
		E906AB10284A20F100E1403D /* Practice Switch.app */ = {isa = PBXFileReference; explicitFileType = wrapper.application; includeInIndex = 0; path = "Practice Switch.app"; sourceTree = BUILT_PRODUCTS_DIR; };
		E906AB13284A20F100E1403D /* AppDelegate.swift */ = {isa = PBXFileReference; lastKnownFileType = sourcecode.swift; path = AppDelegate.swift; sourceTree = "<group>"; };
		E906AB15284A20F100E1403D /* SceneDelegate.swift */ = {isa = PBXFileReference; lastKnownFileType = sourcecode.swift; path = SceneDelegate.swift; sourceTree = "<group>"; };
		E906AB17284A20F100E1403D /* ViewController.swift */ = {isa = PBXFileReference; lastKnownFileType = sourcecode.swift; path = ViewController.swift; sourceTree = "<group>"; };
		E906AB1A284A20F100E1403D /* Base */ = {isa = PBXFileReference; lastKnownFileType = file.storyboard; name = Base; path = Base.lproj/Main.storyboard; sourceTree = "<group>"; };
		E906AB1C284A20F300E1403D /* Assets.xcassets */ = {isa = PBXFileReference; lastKnownFileType = folder.assetcatalog; path = Assets.xcassets; sourceTree = "<group>"; };
		E906AB1F284A20F300E1403D /* Base */ = {isa = PBXFileReference; lastKnownFileType = file.storyboard; name = Base; path = Base.lproj/LaunchScreen.storyboard; sourceTree = "<group>"; };
		E906AB21284A20F300E1403D /* Info.plist */ = {isa = PBXFileReference; lastKnownFileType = text.plist.xml; path = Info.plist; sourceTree = "<group>"; };
		E906AB26284A20F300E1403D /* Practice SwitchTests.xctest */ = {isa = PBXFileReference; explicitFileType = wrapper.cfbundle; includeInIndex = 0; path = "Practice SwitchTests.xctest"; sourceTree = BUILT_PRODUCTS_DIR; };
		E906AB2A284A20F300E1403D /* Practice_SwitchTests.swift */ = {isa = PBXFileReference; lastKnownFileType = sourcecode.swift; path = Practice_SwitchTests.swift; sourceTree = "<group>"; };
		E906AB30284A20F300E1403D /* Practice SwitchUITests.xctest */ = {isa = PBXFileReference; explicitFileType = wrapper.cfbundle; includeInIndex = 0; path = "Practice SwitchUITests.xctest"; sourceTree = BUILT_PRODUCTS_DIR; };
		E906AB34284A20F300E1403D /* Practice_SwitchUITests.swift */ = {isa = PBXFileReference; lastKnownFileType = sourcecode.swift; path = Practice_SwitchUITests.swift; sourceTree = "<group>"; };
		E906AB36284A20F300E1403D /* Practice_SwitchUITestsLaunchTests.swift */ = {isa = PBXFileReference; lastKnownFileType = sourcecode.swift; path = Practice_SwitchUITestsLaunchTests.swift; sourceTree = "<group>"; };
		E906AB43284A217300E1403D /* secondViewController.swift */ = {isa = PBXFileReference; lastKnownFileType = sourcecode.swift; path = secondViewController.swift; sourceTree = "<group>"; };
/* End PBXFileReference section */

/* Begin PBXFrameworksBuildPhase section */
		E906AB0D284A20F100E1403D /* Frameworks */ = {
			isa = PBXFrameworksBuildPhase;
			buildActionMask = 2147483647;
			files = (
			);
			runOnlyForDeploymentPostprocessing = 0;
		};
		E906AB23284A20F300E1403D /* Frameworks */ = {
			isa = PBXFrameworksBuildPhase;
			buildActionMask = 2147483647;
			files = (
			);
			runOnlyForDeploymentPostprocessing = 0;
		};
		E906AB2D284A20F300E1403D /* Frameworks */ = {
			isa = PBXFrameworksBuildPhase;
			buildActionMask = 2147483647;
			files = (
			);
			runOnlyForDeploymentPostprocessing = 0;
		};
/* End PBXFrameworksBuildPhase section */

/* Begin PBXGroup section */
		E906AB07284A20F100E1403D = {
			isa = PBXGroup;
			children = (
				E906AB12284A20F100E1403D /* Practice Switch */,
				E906AB29284A20F300E1403D /* Practice SwitchTests */,
				E906AB33284A20F300E1403D /* Practice SwitchUITests */,
				E906AB11284A20F100E1403D /* Products */,
			);
			sourceTree = "<group>";
		};
		E906AB11284A20F100E1403D /* Products */ = {
			isa = PBXGroup;
			children = (
				E906AB10284A20F100E1403D /* Practice Switch.app */,
				E906AB26284A20F300E1403D /* Practice SwitchTests.xctest */,
				E906AB30284A20F300E1403D /* Practice SwitchUITests.xctest */,
			);
			name = Products;
			sourceTree = "<group>";
		};
		E906AB12284A20F100E1403D /* Practice Switch */ = {
			isa = PBXGroup;
			children = (
				E906AB13284A20F100E1403D /* AppDelegate.swift */,
				E906AB15284A20F100E1403D /* SceneDelegate.swift */,
				E906AB17284A20F100E1403D /* ViewController.swift */,
				E906AB19284A20F100E1403D /* Main.storyboard */,
				E906AB43284A217300E1403D /* secondViewController.swift */,
				E906AB1C284A20F300E1403D /* Assets.xcassets */,
				E906AB1E284A20F300E1403D /* LaunchScreen.storyboard */,
				E906AB21284A20F300E1403D /* Info.plist */,
			);
			path = "Practice Switch";
			sourceTree = "<group>";
		};
		E906AB29284A20F300E1403D /* Practice SwitchTests */ = {
			isa = PBXGroup;
			children = (
				E906AB2A284A20F300E1403D /* Practice_SwitchTests.swift */,
			);
			path = "Practice SwitchTests";
			sourceTree = "<group>";
		};
		E906AB33284A20F300E1403D /* Practice SwitchUITests */ = {
			isa = PBXGroup;
			children = (
				E906AB34284A20F300E1403D /* Practice_SwitchUITests.swift */,
				E906AB36284A20F300E1403D /* Practice_SwitchUITestsLaunchTests.swift */,
			);
			path = "Practice SwitchUITests";
			sourceTree = "<group>";
		};
/* End PBXGroup section */

/* Begin PBXNativeTarget section */
		E906AB0F284A20F100E1403D /* Practice Switch */ = {
			isa = PBXNativeTarget;
			buildConfigurationList = E906AB3A284A20F400E1403D /* Build configuration list for PBXNativeTarget "Practice Switch" */;
			buildPhases = (
				E906AB0C284A20F100E1403D /* Sources */,
				E906AB0D284A20F100E1403D /* Frameworks */,
				E906AB0E284A20F100E1403D /* Resources */,
			);
			buildRules = (
			);
			dependencies = (
			);
			name = "Practice Switch";
			productName = "Practice Switch";
			productReference = E906AB10284A20F100E1403D /* Practice Switch.app */;
			productType = "com.apple.product-type.application";
		};
		E906AB25284A20F300E1403D /* Practice SwitchTests */ = {
			isa = PBXNativeTarget;
			buildConfigurationList = E906AB3D284A20F400E1403D /* Build configuration list for PBXNativeTarget "Practice SwitchTests" */;
			buildPhases = (
				E906AB22284A20F300E1403D /* Sources */,
				E906AB23284A20F300E1403D /* Frameworks */,
				E906AB24284A20F300E1403D /* Resources */,
			);
			buildRules = (
			);
			dependencies = (
				E906AB28284A20F300E1403D /* PBXTargetDependency */,
			);
			name = "Practice SwitchTests";
			productName = "Practice SwitchTests";
			productReference = E906AB26284A20F300E1403D /* Practice SwitchTests.xctest */;
			productType = "com.apple.product-type.bundle.unit-test";
		};
		E906AB2F284A20F300E1403D /* Practice SwitchUITests */ = {
			isa = PBXNativeTarget;
			buildConfigurationList = E906AB40284A20F400E1403D /* Build configuration list for PBXNativeTarget "Practice SwitchUITests" */;
			buildPhases = (
				E906AB2C284A20F300E1403D /* Sources */,
				E906AB2D284A20F300E1403D /* Frameworks */,
				E906AB2E284A20F300E1403D /* Resources */,
			);
			buildRules = (
			);
			dependencies = (
				E906AB32284A20F300E1403D /* PBXTargetDependency */,
			);
			name = "Practice SwitchUITests";
			productName = "Practice SwitchUITests";
			productReference = E906AB30284A20F300E1403D /* Practice SwitchUITests.xctest */;
			productType = "com.apple.product-type.bundle.ui-testing";
		};
/* End PBXNativeTarget section */

/* Begin PBXProject section */
		E906AB08284A20F100E1403D /* Project object */ = {
			isa = PBXProject;
			attributes = {
				BuildIndependentTargetsInParallel = 1;
				LastSwiftUpdateCheck = 1340;
				LastUpgradeCheck = 1340;
				TargetAttributes = {
					E906AB0F284A20F100E1403D = {
						CreatedOnToolsVersion = 13.4;
					};
					E906AB25284A20F300E1403D = {
						CreatedOnToolsVersion = 13.4;
						TestTargetID = E906AB0F284A20F100E1403D;
					};
					E906AB2F284A20F300E1403D = {
						CreatedOnToolsVersion = 13.4;
						TestTargetID = E906AB0F284A20F100E1403D;
					};
				};
			};
			buildConfigurationList = E906AB0B284A20F100E1403D /* Build configuration list for PBXProject "Practice Switch" */;
			compatibilityVersion = "Xcode 13.0";
			developmentRegion = en;
			hasScannedForEncodings = 0;
			knownRegions = (
				en,
				Base,
			);
			mainGroup = E906AB07284A20F100E1403D;
			productRefGroup = E906AB11284A20F100E1403D /* Products */;
			projectDirPath = "";
			projectRoot = "";
			targets = (
				E906AB0F284A20F100E1403D /* Practice Switch */,
				E906AB25284A20F300E1403D /* Practice SwitchTests */,
				E906AB2F284A20F300E1403D /* Practice SwitchUITests */,
			);
		};
/* End PBXProject section */

/* Begin PBXResourcesBuildPhase section */
		E906AB0E284A20F100E1403D /* Resources */ = {
			isa = PBXResourcesBuildPhase;
			buildActionMask = 2147483647;
			files = (
				E906AB20284A20F300E1403D /* LaunchScreen.storyboard in Resources */,
				E906AB1D284A20F300E1403D /* Assets.xcassets in Resources */,
				E906AB1B284A20F100E1403D /* Main.storyboard in Resources */,
			);
			runOnlyForDeploymentPostprocessing = 0;
		};
		E906AB24284A20F300E1403D /* Resources */ = {
			isa = PBXResourcesBuildPhase;
			buildActionMask = 2147483647;
			files = (
			);
			runOnlyForDeploymentPostprocessing = 0;
		};
		E906AB2E284A20F300E1403D /* Resources */ = {
			isa = PBXResourcesBuildPhase;
			buildActionMask = 2147483647;
			files = (
			);
			runOnlyForDeploymentPostprocessing = 0;
		};
/* End PBXResourcesBuildPhase section */

/* Begin PBXSourcesBuildPhase section */
		E906AB0C284A20F100E1403D /* Sources */ = {
			isa = PBXSourcesBuildPhase;
			buildActionMask = 2147483647;
			files = (
				E906AB44284A217300E1403D /* secondViewController.swift in Sources */,
				E906AB18284A20F100E1403D /* ViewController.swift in Sources */,
				E906AB14284A20F100E1403D /* AppDelegate.swift in Sources */,
				E906AB16284A20F100E1403D /* SceneDelegate.swift in Sources */,
			);
			runOnlyForDeploymentPostprocessing = 0;
		};
		E906AB22284A20F300E1403D /* Sources */ = {
			isa = PBXSourcesBuildPhase;
			buildActionMask = 2147483647;
			files = (
				E906AB2B284A20F300E1403D /* Practice_SwitchTests.swift in Sources */,
			);
			runOnlyForDeploymentPostprocessing = 0;
		};
		E906AB2C284A20F300E1403D /* Sources */ = {
			isa = PBXSourcesBuildPhase;
			buildActionMask = 2147483647;
			files = (
				E906AB35284A20F300E1403D /* Practice_SwitchUITests.swift in Sources */,
				E906AB37284A20F300E1403D /* Practice_SwitchUITestsLaunchTests.swift in Sources */,
			);
			runOnlyForDeploymentPostprocessing = 0;
		};
/* End PBXSourcesBuildPhase section */

/* Begin PBXTargetDependency section */
		E906AB28284A20F300E1403D /* PBXTargetDependency */ = {
			isa = PBXTargetDependency;
			target = E906AB0F284A20F100E1403D /* Practice Switch */;
			targetProxy = E906AB27284A20F300E1403D /* PBXContainerItemProxy */;
		};
		E906AB32284A20F300E1403D /* PBXTargetDependency */ = {
			isa = PBXTargetDependency;
			target = E906AB0F284A20F100E1403D /* Practice Switch */;
			targetProxy = E906AB31284A20F300E1403D /* PBXContainerItemProxy */;
		};
/* End PBXTargetDependency section */

/* Begin PBXVariantGroup section */
		E906AB19284A20F100E1403D /* Main.storyboard */ = {
			isa = PBXVariantGroup;
			children = (
				E906AB1A284A20F100E1403D /* Base */,
			);
			name = Main.storyboard;
			sourceTree = "<group>";
		};
		E906AB1E284A20F300E1403D /* LaunchScreen.storyboard */ = {
			isa = PBXVariantGroup;
			children = (
				E906AB1F284A20F300E1403D /* Base */,
			);
			name = LaunchScreen.storyboard;
			sourceTree = "<group>";
		};
/* End PBXVariantGroup section */

/* Begin XCBuildConfiguration section */
		E906AB38284A20F400E1403D /* Debug */ = {
			isa = XCBuildConfiguration;
			buildSettings = {
				ALWAYS_SEARCH_USER_PATHS = NO;
				CLANG_ANALYZER_NONNULL = YES;
				CLANG_ANALYZER_NUMBER_OBJECT_CONVERSION = YES_AGGRESSIVE;
				CLANG_CXX_LANGUAGE_STANDARD = "gnu++17";
				CLANG_ENABLE_MODULES = YES;
				CLANG_ENABLE_OBJC_ARC = YES;
				CLANG_ENABLE_OBJC_WEAK = YES;
				CLANG_WARN_BLOCK_CAPTURE_AUTORELEASING = YES;
				CLANG_WARN_BOOL_CONVERSION = YES;
				CLANG_WARN_COMMA = YES;
				CLANG_WARN_CONSTANT_CONVERSION = YES;
				CLANG_WARN_DEPRECATED_OBJC_IMPLEMENTATIONS = YES;
				CLANG_WARN_DIRECT_OBJC_ISA_USAGE = YES_ERROR;
				CLANG_WARN_DOCUMENTATION_COMMENTS = YES;
				CLANG_WARN_EMPTY_BODY = YES;
				CLANG_WARN_ENUM_CONVERSION = YES;
				CLANG_WARN_INFINITE_RECURSION = YES;
				CLANG_WARN_INT_CONVERSION = YES;
				CLANG_WARN_NON_LITERAL_NULL_CONVERSION = YES;
				CLANG_WARN_OBJC_IMPLICIT_RETAIN_SELF = YES;
				CLANG_WARN_OBJC_LITERAL_CONVERSION = YES;
				CLANG_WARN_OBJC_ROOT_CLASS = YES_ERROR;
				CLANG_WARN_QUOTED_INCLUDE_IN_FRAMEWORK_HEADER = YES;
				CLANG_WARN_RANGE_LOOP_ANALYSIS = YES;
				CLANG_WARN_STRICT_PROTOTYPES = YES;
				CLANG_WARN_SUSPICIOUS_MOVE = YES;
				CLANG_WARN_UNGUARDED_AVAILABILITY = YES_AGGRESSIVE;
				CLANG_WARN_UNREACHABLE_CODE = YES;
				CLANG_WARN__DUPLICATE_METHOD_MATCH = YES;
				COPY_PHASE_STRIP = NO;
				DEBUG_INFORMATION_FORMAT = dwarf;
				ENABLE_STRICT_OBJC_MSGSEND = YES;
				ENABLE_TESTABILITY = YES;
				GCC_C_LANGUAGE_STANDARD = gnu11;
				GCC_DYNAMIC_NO_PIC = NO;
				GCC_NO_COMMON_BLOCKS = YES;
				GCC_OPTIMIZATION_LEVEL = 0;
				GCC_PREPROCESSOR_DEFINITIONS = (
					"DEBUG=1",
					"$(inherited)",
				);
				GCC_WARN_64_TO_32_BIT_CONVERSION = YES;
				GCC_WARN_ABOUT_RETURN_TYPE = YES_ERROR;
				GCC_WARN_UNDECLARED_SELECTOR = YES;
				GCC_WARN_UNINITIALIZED_AUTOS = YES_AGGRESSIVE;
				GCC_WARN_UNUSED_FUNCTION = YES;
				GCC_WARN_UNUSED_VARIABLE = YES;
				IPHONEOS_DEPLOYMENT_TARGET = 15.5;
				MTL_ENABLE_DEBUG_INFO = INCLUDE_SOURCE;
				MTL_FAST_MATH = YES;
				ONLY_ACTIVE_ARCH = YES;
				SDKROOT = iphoneos;
				SWIFT_ACTIVE_COMPILATION_CONDITIONS = DEBUG;
				SWIFT_OPTIMIZATION_LEVEL = "-Onone";
			};
			name = Debug;
		};
		E906AB39284A20F400E1403D /* Release */ = {
			isa = XCBuildConfiguration;
			buildSettings = {
				ALWAYS_SEARCH_USER_PATHS = NO;
				CLANG_ANALYZER_NONNULL = YES;
				CLANG_ANALYZER_NUMBER_OBJECT_CONVERSION = YES_AGGRESSIVE;
				CLANG_CXX_LANGUAGE_STANDARD = "gnu++17";
				CLANG_ENABLE_MODULES = YES;
				CLANG_ENABLE_OBJC_ARC = YES;
				CLANG_ENABLE_OBJC_WEAK = YES;
				CLANG_WARN_BLOCK_CAPTURE_AUTORELEASING = YES;
				CLANG_WARN_BOOL_CONVERSION = YES;
				CLANG_WARN_COMMA = YES;
				CLANG_WARN_CONSTANT_CONVERSION = YES;
				CLANG_WARN_DEPRECATED_OBJC_IMPLEMENTATIONS = YES;
				CLANG_WARN_DIRECT_OBJC_ISA_USAGE = YES_ERROR;
				CLANG_WARN_DOCUMENTATION_COMMENTS = YES;
				CLANG_WARN_EMPTY_BODY = YES;
				CLANG_WARN_ENUM_CONVERSION = YES;
				CLANG_WARN_INFINITE_RECURSION = YES;
				CLANG_WARN_INT_CONVERSION = YES;
				CLANG_WARN_NON_LITERAL_NULL_CONVERSION = YES;
				CLANG_WARN_OBJC_IMPLICIT_RETAIN_SELF = YES;
				CLANG_WARN_OBJC_LITERAL_CONVERSION = YES;
				CLANG_WARN_OBJC_ROOT_CLASS = YES_ERROR;
				CLANG_WARN_QUOTED_INCLUDE_IN_FRAMEWORK_HEADER = YES;
				CLANG_WARN_RANGE_LOOP_ANALYSIS = YES;
				CLANG_WARN_STRICT_PROTOTYPES = YES;
				CLANG_WARN_SUSPICIOUS_MOVE = YES;
				CLANG_WARN_UNGUARDED_AVAILABILITY = YES_AGGRESSIVE;
				CLANG_WARN_UNREACHABLE_CODE = YES;
				CLANG_WARN__DUPLICATE_METHOD_MATCH = YES;
				COPY_PHASE_STRIP = NO;
				DEBUG_INFORMATION_FORMAT = "dwarf-with-dsym";
				ENABLE_NS_ASSERTIONS = NO;
				ENABLE_STRICT_OBJC_MSGSEND = YES;
				GCC_C_LANGUAGE_STANDARD = gnu11;
				GCC_NO_COMMON_BLOCKS = YES;
				GCC_WARN_64_TO_32_BIT_CONVERSION = YES;
				GCC_WARN_ABOUT_RETURN_TYPE = YES_ERROR;
				GCC_WARN_UNDECLARED_SELECTOR = YES;
				GCC_WARN_UNINITIALIZED_AUTOS = YES_AGGRESSIVE;
				GCC_WARN_UNUSED_FUNCTION = YES;
				GCC_WARN_UNUSED_VARIABLE = YES;
				IPHONEOS_DEPLOYMENT_TARGET = 15.5;
				MTL_ENABLE_DEBUG_INFO = NO;
				MTL_FAST_MATH = YES;
				SDKROOT = iphoneos;
				SWIFT_COMPILATION_MODE = wholemodule;
				SWIFT_OPTIMIZATION_LEVEL = "-O";
				VALIDATE_PRODUCT = YES;
			};
			name = Release;
		};
		E906AB3B284A20F400E1403D /* Debug */ = {
			isa = XCBuildConfiguration;
			buildSettings = {
				ASSETCATALOG_COMPILER_APPICON_NAME = AppIcon;
				ASSETCATALOG_COMPILER_GLOBAL_ACCENT_COLOR_NAME = AccentColor;
				CODE_SIGN_STYLE = Automatic;
				CURRENT_PROJECT_VERSION = 1;
				GENERATE_INFOPLIST_FILE = YES;
				INFOPLIST_FILE = "Practice Switch/Info.plist";
				INFOPLIST_KEY_UIApplicationSupportsIndirectInputEvents = YES;
				INFOPLIST_KEY_UILaunchStoryboardName = LaunchScreen;
				INFOPLIST_KEY_UIMainStoryboardFile = Main;
				INFOPLIST_KEY_UISupportedInterfaceOrientations_iPad = "UIInterfaceOrientationPortrait UIInterfaceOrientationPortraitUpsideDown UIInterfaceOrientationLandscapeLeft UIInterfaceOrientationLandscapeRight";
				INFOPLIST_KEY_UISupportedInterfaceOrientations_iPhone = "UIInterfaceOrientationPortrait UIInterfaceOrientationLandscapeLeft UIInterfaceOrientationLandscapeRight";
				LD_RUNPATH_SEARCH_PATHS = (
					"$(inherited)",
					"@executable_path/Frameworks",
				);
				MARKETING_VERSION = 1.0;
				PRODUCT_BUNDLE_IDENTIFIER = "glowingsoft.Practice-Switch";
				PRODUCT_NAME = "$(TARGET_NAME)";
				SWIFT_EMIT_LOC_STRINGS = YES;
				SWIFT_VERSION = 5.0;
				TARGETED_DEVICE_FAMILY = "1,2";
			};
			name = Debug;
		};
		E906AB3C284A20F400E1403D /* Release */ = {
			isa = XCBuildConfiguration;
			buildSettings = {
				ASSETCATALOG_COMPILER_APPICON_NAME = AppIcon;
				ASSETCATALOG_COMPILER_GLOBAL_ACCENT_COLOR_NAME = AccentColor;
				CODE_SIGN_STYLE = Automatic;
				CURRENT_PROJECT_VERSION = 1;
				GENERATE_INFOPLIST_FILE = YES;
				INFOPLIST_FILE = "Practice Switch/Info.plist";
				INFOPLIST_KEY_UIApplicationSupportsIndirectInputEvents = YES;
				INFOPLIST_KEY_UILaunchStoryboardName = LaunchScreen;
				INFOPLIST_KEY_UIMainStoryboardFile = Main;
				INFOPLIST_KEY_UISupportedInterfaceOrientations_iPad = "UIInterfaceOrientationPortrait UIInterfaceOrientationPortraitUpsideDown UIInterfaceOrientationLandscapeLeft UIInterfaceOrientationLandscapeRight";
				INFOPLIST_KEY_UISupportedInterfaceOrientations_iPhone = "UIInterfaceOrientationPortrait UIInterfaceOrientationLandscapeLeft UIInterfaceOrientationLandscapeRight";
				LD_RUNPATH_SEARCH_PATHS = (
					"$(inherited)",
					"@executable_path/Frameworks",
				);
				MARKETING_VERSION = 1.0;
				PRODUCT_BUNDLE_IDENTIFIER = "glowingsoft.Practice-Switch";
				PRODUCT_NAME = "$(TARGET_NAME)";
				SWIFT_EMIT_LOC_STRINGS = YES;
				SWIFT_VERSION = 5.0;
				TARGETED_DEVICE_FAMILY = "1,2";
			};
			name = Release;
		};
		E906AB3E284A20F400E1403D /* Debug */ = {
			isa = XCBuildConfiguration;
			buildSettings = {
				ALWAYS_EMBED_SWIFT_STANDARD_LIBRARIES = YES;
				BUNDLE_LOADER = "$(TEST_HOST)";
				CODE_SIGN_STYLE = Automatic;
				CURRENT_PROJECT_VERSION = 1;
				GENERATE_INFOPLIST_FILE = YES;
				IPHONEOS_DEPLOYMENT_TARGET = 15.5;
				MARKETING_VERSION = 1.0;
				PRODUCT_BUNDLE_IDENTIFIER = "glowingsoft.Practice-SwitchTests";
				PRODUCT_NAME = "$(TARGET_NAME)";
				SWIFT_EMIT_LOC_STRINGS = NO;
				SWIFT_VERSION = 5.0;
				TARGETED_DEVICE_FAMILY = "1,2";
				TEST_HOST = "$(BUILT_PRODUCTS_DIR)/Practice Switch.app/Practice Switch";
			};
			name = Debug;
		};
		E906AB3F284A20F400E1403D /* Release */ = {
			isa = XCBuildConfiguration;
			buildSettings = {
				ALWAYS_EMBED_SWIFT_STANDARD_LIBRARIES = YES;
				BUNDLE_LOADER = "$(TEST_HOST)";
				CODE_SIGN_STYLE = Automatic;
				CURRENT_PROJECT_VERSION = 1;
				GENERATE_INFOPLIST_FILE = YES;
				IPHONEOS_DEPLOYMENT_TARGET = 15.5;
				MARKETING_VERSION = 1.0;
				PRODUCT_BUNDLE_IDENTIFIER = "glowingsoft.Practice-SwitchTests";
				PRODUCT_NAME = "$(TARGET_NAME)";
				SWIFT_EMIT_LOC_STRINGS = NO;
				SWIFT_VERSION = 5.0;
				TARGETED_DEVICE_FAMILY = "1,2";
				TEST_HOST = "$(BUILT_PRODUCTS_DIR)/Practice Switch.app/Practice Switch";
			};
			name = Release;
		};
		E906AB41284A20F400E1403D /* Debug */ = {
			isa = XCBuildConfiguration;
			buildSettings = {
				ALWAYS_EMBED_SWIFT_STANDARD_LIBRARIES = YES;
				CODE_SIGN_STYLE = Automatic;
				CURRENT_PROJECT_VERSION = 1;
				GENERATE_INFOPLIST_FILE = YES;
				MARKETING_VERSION = 1.0;
				PRODUCT_BUNDLE_IDENTIFIER = "glowingsoft.Practice-SwitchUITests";
				PRODUCT_NAME = "$(TARGET_NAME)";
				SWIFT_EMIT_LOC_STRINGS = NO;
				SWIFT_VERSION = 5.0;
				TARGETED_DEVICE_FAMILY = "1,2";
				TEST_TARGET_NAME = "Practice Switch";
			};
			name = Debug;
		};
		E906AB42284A20F400E1403D /* Release */ = {
			isa = XCBuildConfiguration;
			buildSettings = {
				ALWAYS_EMBED_SWIFT_STANDARD_LIBRARIES = YES;
				CODE_SIGN_STYLE = Automatic;
				CURRENT_PROJECT_VERSION = 1;
				GENERATE_INFOPLIST_FILE = YES;
				MARKETING_VERSION = 1.0;
				PRODUCT_BUNDLE_IDENTIFIER = "glowingsoft.Practice-SwitchUITests";
				PRODUCT_NAME = "$(TARGET_NAME)";
				SWIFT_EMIT_LOC_STRINGS = NO;
				SWIFT_VERSION = 5.0;
				TARGETED_DEVICE_FAMILY = "1,2";
				TEST_TARGET_NAME = "Practice Switch";
			};
			name = Release;
		};
/* End XCBuildConfiguration section */

/* Begin XCConfigurationList section */
		E906AB0B284A20F100E1403D /* Build configuration list for PBXProject "Practice Switch" */ = {
			isa = XCConfigurationList;
			buildConfigurations = (
				E906AB38284A20F400E1403D /* Debug */,
				E906AB39284A20F400E1403D /* Release */,
			);
			defaultConfigurationIsVisible = 0;
			defaultConfigurationName = Release;
		};
		E906AB3A284A20F400E1403D /* Build configuration list for PBXNativeTarget "Practice Switch" */ = {
			isa = XCConfigurationList;
			buildConfigurations = (
				E906AB3B284A20F400E1403D /* Debug */,
				E906AB3C284A20F400E1403D /* Release */,
			);
			defaultConfigurationIsVisible = 0;
			defaultConfigurationName = Release;
		};
		E906AB3D284A20F400E1403D /* Build configuration list for PBXNativeTarget "Practice SwitchTests" */ = {
			isa = XCConfigurationList;
			buildConfigurations = (
				E906AB3E284A20F400E1403D /* Debug */,
				E906AB3F284A20F400E1403D /* Release */,
			);
			defaultConfigurationIsVisible = 0;
			defaultConfigurationName = Release;
		};
		E906AB40284A20F400E1403D /* Build configuration list for PBXNativeTarget "Practice SwitchUITests" */ = {
			isa = XCConfigurationList;
			buildConfigurations = (
				E906AB41284A20F400E1403D /* Debug */,
				E906AB42284A20F400E1403D /* Release */,
			);
			defaultConfigurationIsVisible = 0;
			defaultConfigurationName = Release;
		};
/* End XCConfigurationList section */
	};
	rootObject = E906AB08284A20F100E1403D /* Project object */;
}
